// !$*UTF8*$!
{
	archiveVersion = 1;
	classes = {
	};
	objectVersion = 46;
	objects = {

/* Begin PBXBuildFile section */
		6B0372CE1B7BEEE1006AA858 /* main.m in Sources */ = {isa = PBXBuildFile; fileRef = 6B0372CD1B7BEEE1006AA858 /* main.m */; };
		6B0372D11B7BEEE1006AA858 /* AppDelegate.m in Sources */ = {isa = PBXBuildFile; fileRef = 6B0372D01B7BEEE1006AA858 /* AppDelegate.m */; };
		6B0372D71B7BEEE1006AA858 /* Main.storyboard in Resources */ = {isa = PBXBuildFile; fileRef = 6B0372D51B7BEEE1006AA858 /* Main.storyboard */; };
		6B0372D91B7BEEE1006AA858 /* Images.xcassets in Resources */ = {isa = PBXBuildFile; fileRef = 6B0372D81B7BEEE1006AA858 /* Images.xcassets */; };
		6B0372DC1B7BEEE1006AA858 /* LaunchScreen.xib in Resources */ = {isa = PBXBuildFile; fileRef = 6B0372DA1B7BEEE1006AA858 /* LaunchScreen.xib */; };
		6B0372E81B7BEEE1006AA858 /* PaintCellsTests.m in Sources */ = {isa = PBXBuildFile; fileRef = 6B0372E71B7BEEE1006AA858 /* PaintCellsTests.m */; };
		6B0372F31B7BEF40006AA858 /* CQColorTableViewController.m in Sources */ = {isa = PBXBuildFile; fileRef = 6B0372F21B7BEF40006AA858 /* CQColorTableViewController.m */; };
		6B5AB2651B7BF478001A0992 /* CQColorPickerViewController.m in Sources */ = {isa = PBXBuildFile; fileRef = 6B5AB2641B7BF478001A0992 /* CQColorPickerViewController.m */; };
/* End PBXBuildFile section */

/* Begin PBXContainerItemProxy section */
		6B0372E21B7BEEE1006AA858 /* PBXContainerItemProxy */ = {
			isa = PBXContainerItemProxy;
			containerPortal = 6B0372C01B7BEEE1006AA858 /* Project object */;
			proxyType = 1;
			remoteGlobalIDString = 6B0372C71B7BEEE1006AA858;
			remoteInfo = PaintCells;
		};
/* End PBXContainerItemProxy section */

/* Begin PBXFileReference section */
		6B0372C81B7BEEE1006AA858 /* PaintCells.app */ = {isa = PBXFileReference; explicitFileType = wrapper.application; includeInIndex = 0; path = PaintCells.app; sourceTree = BUILT_PRODUCTS_DIR; };
		6B0372CC1B7BEEE1006AA858 /* Info.plist */ = {isa = PBXFileReference; lastKnownFileType = text.plist.xml; path = Info.plist; sourceTree = "<group>"; };
		6B0372CD1B7BEEE1006AA858 /* main.m */ = {isa = PBXFileReference; lastKnownFileType = sourcecode.c.objc; path = main.m; sourceTree = "<group>"; };
		6B0372CF1B7BEEE1006AA858 /* AppDelegate.h */ = {isa = PBXFileReference; lastKnownFileType = sourcecode.c.h; path = AppDelegate.h; sourceTree = "<group>"; };
		6B0372D01B7BEEE1006AA858 /* AppDelegate.m */ = {isa = PBXFileReference; lastKnownFileType = sourcecode.c.objc; path = AppDelegate.m; sourceTree = "<group>"; };
		6B0372D61B7BEEE1006AA858 /* Base */ = {isa = PBXFileReference; lastKnownFileType = file.storyboard; name = Base; path = Base.lproj/Main.storyboard; sourceTree = "<group>"; };
		6B0372D81B7BEEE1006AA858 /* Images.xcassets */ = {isa = PBXFileReference; lastKnownFileType = folder.assetcatalog; path = Images.xcassets; sourceTree = "<group>"; };
		6B0372DB1B7BEEE1006AA858 /* Base */ = {isa = PBXFileReference; lastKnownFileType = file.xib; name = Base; path = Base.lproj/LaunchScreen.xib; sourceTree = "<group>"; };
		6B0372E11B7BEEE1006AA858 /* PaintCellsTests.xctest */ = {isa = PBXFileReference; explicitFileType = wrapper.cfbundle; includeInIndex = 0; path = PaintCellsTests.xctest; sourceTree = BUILT_PRODUCTS_DIR; };
		6B0372E61B7BEEE1006AA858 /* Info.plist */ = {isa = PBXFileReference; lastKnownFileType = text.plist.xml; path = Info.plist; sourceTree = "<group>"; };
		6B0372E71B7BEEE1006AA858 /* PaintCellsTests.m */ = {isa = PBXFileReference; lastKnownFileType = sourcecode.c.objc; path = PaintCellsTests.m; sourceTree = "<group>"; };
		6B0372F11B7BEF40006AA858 /* CQColorTableViewController.h */ = {isa = PBXFileReference; fileEncoding = 4; lastKnownFileType = sourcecode.c.h; path = CQColorTableViewController.h; sourceTree = "<group>"; };
		6B0372F21B7BEF40006AA858 /* CQColorTableViewController.m */ = {isa = PBXFileReference; fileEncoding = 4; lastKnownFileType = sourcecode.c.objc; path = CQColorTableViewController.m; sourceTree = "<group>"; };
		6B5AB2631B7BF478001A0992 /* CQColorPickerViewController.h */ = {isa = PBXFileReference; fileEncoding = 4; lastKnownFileType = sourcecode.c.h; path = CQColorPickerViewController.h; sourceTree = "<group>"; };
		6B5AB2641B7BF478001A0992 /* CQColorPickerViewController.m */ = {isa = PBXFileReference; fileEncoding = 4; lastKnownFileType = sourcecode.c.objc; path = CQColorPickerViewController.m; sourceTree = "<group>"; };
		6B5AB2661B7BF95D001A0992 /* CQColorPickerViewControllerDelegate.h */ = {isa = PBXFileReference; fileEncoding = 4; lastKnownFileType = sourcecode.c.h; path = CQColorPickerViewControllerDelegate.h; sourceTree = "<group>"; };
/* End PBXFileReference section */

/* Begin PBXFrameworksBuildPhase section */
		6B0372C51B7BEEE1006AA858 /* Frameworks */ = {
			isa = PBXFrameworksBuildPhase;
			buildActionMask = 2147483647;
			files = (
			);
			runOnlyForDeploymentPostprocessing = 0;
		};
		6B0372DE1B7BEEE1006AA858 /* Frameworks */ = {
			isa = PBXFrameworksBuildPhase;
			buildActionMask = 2147483647;
			files = (
			);
			runOnlyForDeploymentPostprocessing = 0;
		};
/* End PBXFrameworksBuildPhase section */

/* Begin PBXGroup section */
		6B0372BF1B7BEEE1006AA858 = {
			isa = PBXGroup;
			children = (
				6B0372CA1B7BEEE1006AA858 /* PaintCells */,
				6B0372E41B7BEEE1006AA858 /* PaintCellsTests */,
				6B0372C91B7BEEE1006AA858 /* Products */,
			);
			sourceTree = "<group>";
		};
		6B0372C91B7BEEE1006AA858 /* Products */ = {
			isa = PBXGroup;
			children = (
				6B0372C81B7BEEE1006AA858 /* PaintCells.app */,
				6B0372E11B7BEEE1006AA858 /* PaintCellsTests.xctest */,
			);
			name = Products;
			sourceTree = "<group>";
		};
		6B0372CA1B7BEEE1006AA858 /* PaintCells */ = {
			isa = PBXGroup;
			children = (
				6B0372CF1B7BEEE1006AA858 /* AppDelegate.h */,
				6B0372D01B7BEEE1006AA858 /* AppDelegate.m */,
				6B5AB2661B7BF95D001A0992 /* CQColorPickerViewControllerDelegate.h */,
				6B5AB2631B7BF478001A0992 /* CQColorPickerViewController.h */,
				6B5AB2641B7BF478001A0992 /* CQColorPickerViewController.m */,
				6B0372F11B7BEF40006AA858 /* CQColorTableViewController.h */,
				6B0372F21B7BEF40006AA858 /* CQColorTableViewController.m */,
				6B0372D51B7BEEE1006AA858 /* Main.storyboard */,
				6B0372D81B7BEEE1006AA858 /* Images.xcassets */,
				6B0372DA1B7BEEE1006AA858 /* LaunchScreen.xib */,
				6B0372CB1B7BEEE1006AA858 /* Supporting Files */,
			);
			path = PaintCells;
			sourceTree = "<group>";
		};
		6B0372CB1B7BEEE1006AA858 /* Supporting Files */ = {
			isa = PBXGroup;
			children = (
				6B0372CC1B7BEEE1006AA858 /* Info.plist */,
				6B0372CD1B7BEEE1006AA858 /* main.m */,
			);
			name = "Supporting Files";
			sourceTree = "<group>";
		};
		6B0372E41B7BEEE1006AA858 /* PaintCellsTests */ = {
			isa = PBXGroup;
			children = (
				6B0372E71B7BEEE1006AA858 /* PaintCellsTests.m */,
				6B0372E51B7BEEE1006AA858 /* Supporting Files */,
			);
			path = PaintCellsTests;
			sourceTree = "<group>";
		};
		6B0372E51B7BEEE1006AA858 /* Supporting Files */ = {
			isa = PBXGroup;
			children = (
				6B0372E61B7BEEE1006AA858 /* Info.plist */,
			);
			name = "Supporting Files";
			sourceTree = "<group>";
		};
/* End PBXGroup section */

/* Begin PBXNativeTarget section */
		6B0372C71B7BEEE1006AA858 /* PaintCells */ = {
			isa = PBXNativeTarget;
			buildConfigurationList = 6B0372EB1B7BEEE1006AA858 /* Build configuration list for PBXNativeTarget "PaintCells" */;
			buildPhases = (
				6B0372C41B7BEEE1006AA858 /* Sources */,
				6B0372C51B7BEEE1006AA858 /* Frameworks */,
				6B0372C61B7BEEE1006AA858 /* Resources */,
			);
			buildRules = (
			);
			dependencies = (
			);
			name = PaintCells;
			productName = PaintCells;
			productReference = 6B0372C81B7BEEE1006AA858 /* PaintCells.app */;
			productType = "com.apple.product-type.application";
		};
		6B0372E01B7BEEE1006AA858 /* PaintCellsTests */ = {
			isa = PBXNativeTarget;
			buildConfigurationList = 6B0372EE1B7BEEE1006AA858 /* Build configuration list for PBXNativeTarget "PaintCellsTests" */;
			buildPhases = (
				6B0372DD1B7BEEE1006AA858 /* Sources */,
				6B0372DE1B7BEEE1006AA858 /* Frameworks */,
				6B0372DF1B7BEEE1006AA858 /* Resources */,
			);
			buildRules = (
			);
			dependencies = (
				6B0372E31B7BEEE1006AA858 /* PBXTargetDependency */,
			);
			name = PaintCellsTests;
			productName = PaintCellsTests;
			productReference = 6B0372E11B7BEEE1006AA858 /* PaintCellsTests.xctest */;
			productType = "com.apple.product-type.bundle.unit-test";
		};
/* End PBXNativeTarget section */

/* Begin PBXProject section */
		6B0372C01B7BEEE1006AA858 /* Project object */ = {
			isa = PBXProject;
			attributes = {
				LastUpgradeCheck = 0630;
				ORGANIZATIONNAME = "Justine Gartner";
				TargetAttributes = {
					6B0372C71B7BEEE1006AA858 = {
						CreatedOnToolsVersion = 6.3.2;
					};
					6B0372E01B7BEEE1006AA858 = {
						CreatedOnToolsVersion = 6.3.2;
						TestTargetID = 6B0372C71B7BEEE1006AA858;
					};
				};
			};
			buildConfigurationList = 6B0372C31B7BEEE1006AA858 /* Build configuration list for PBXProject "PaintCells" */;
			compatibilityVersion = "Xcode 3.2";
			developmentRegion = English;
			hasScannedForEncodings = 0;
			knownRegions = (
				en,
				Base,
			);
			mainGroup = 6B0372BF1B7BEEE1006AA858;
			productRefGroup = 6B0372C91B7BEEE1006AA858 /* Products */;
			projectDirPath = "";
			projectRoot = "";
			targets = (
				6B0372C71B7BEEE1006AA858 /* PaintCells */,
				6B0372E01B7BEEE1006AA858 /* PaintCellsTests */,
			);
		};
/* End PBXProject section */

/* Begin PBXResourcesBuildPhase section */
		6B0372C61B7BEEE1006AA858 /* Resources */ = {
			isa = PBXResourcesBuildPhase;
			buildActionMask = 2147483647;
			files = (
				6B0372D71B7BEEE1006AA858 /* Main.storyboard in Resources */,
				6B0372DC1B7BEEE1006AA858 /* LaunchScreen.xib in Resources */,
				6B0372D91B7BEEE1006AA858 /* Images.xcassets in Resources */,
			);
			runOnlyForDeploymentPostprocessing = 0;
		};
		6B0372DF1B7BEEE1006AA858 /* Resources */ = {
			isa = PBXResourcesBuildPhase;
			buildActionMask = 2147483647;
			files = (
			);
			runOnlyForDeploymentPostprocessing = 0;
		};
/* End PBXResourcesBuildPhase section */

/* Begin PBXSourcesBuildPhase section */
		6B0372C41B7BEEE1006AA858 /* Sources */ = {
			isa = PBXSourcesBuildPhase;
			buildActionMask = 2147483647;
			files = (
				6B5AB2651B7BF478001A0992 /* CQColorPickerViewController.m in Sources */,
				6B0372D11B7BEEE1006AA858 /* AppDelegate.m in Sources */,
				6B0372CE1B7BEEE1006AA858 /* main.m in Sources */,
				6B0372F31B7BEF40006AA858 /* CQColorTableViewController.m in Sources */,
			);
			runOnlyForDeploymentPostprocessing = 0;
		};
		6B0372DD1B7BEEE1006AA858 /* Sources */ = {
			isa = PBXSourcesBuildPhase;
			buildActionMask = 2147483647;
			files = (
				6B0372E81B7BEEE1006AA858 /* PaintCellsTests.m in Sources */,
			);
			runOnlyForDeploymentPostprocessing = 0;
		};
/* End PBXSourcesBuildPhase section */

/* Begin PBXTargetDependency section */
		6B0372E31B7BEEE1006AA858 /* PBXTargetDependency */ = {
			isa = PBXTargetDependency;
			target = 6B0372C71B7BEEE1006AA858 /* PaintCells */;
			targetProxy = 6B0372E21B7BEEE1006AA858 /* PBXContainerItemProxy */;
		};
/* End PBXTargetDependency section */

/* Begin PBXVariantGroup section */
		6B0372D51B7BEEE1006AA858 /* Main.storyboard */ = {
			isa = PBXVariantGroup;
			children = (
				6B0372D61B7BEEE1006AA858 /* Base */,
			);
			name = Main.storyboard;
			sourceTree = "<group>";
		};
		6B0372DA1B7BEEE1006AA858 /* LaunchScreen.xib */ = {
			isa = PBXVariantGroup;
			children = (
				6B0372DB1B7BEEE1006AA858 /* Base */,
			);
			name = LaunchScreen.xib;
			sourceTree = "<group>";
		};
/* End PBXVariantGroup section */

/* Begin XCBuildConfiguration section */
		6B0372E91B7BEEE1006AA858 /* Debug */ = {
			isa = XCBuildConfiguration;
			buildSettings = {
				ALWAYS_SEARCH_USER_PATHS = NO;
				CLANG_CXX_LANGUAGE_STANDARD = "gnu++0x";
				CLANG_CXX_LIBRARY = "libc++";
				CLANG_ENABLE_MODULES = YES;
				CLANG_ENABLE_OBJC_ARC = YES;
				CLANG_WARN_BOOL_CONVERSION = YES;
				CLANG_WARN_CONSTANT_CONVERSION = YES;
				CLANG_WARN_DIRECT_OBJC_ISA_USAGE = YES_ERROR;
				CLANG_WARN_EMPTY_BODY = YES;
				CLANG_WARN_ENUM_CONVERSION = YES;
				CLANG_WARN_INT_CONVERSION = YES;
				CLANG_WARN_OBJC_ROOT_CLASS = YES_ERROR;
				CLANG_WARN_UNREACHABLE_CODE = YES;
				CLANG_WARN__DUPLICATE_METHOD_MATCH = YES;
				"CODE_SIGN_IDENTITY[sdk=iphoneos*]" = "iPhone Developer";
				COPY_PHASE_STRIP = NO;
				DEBUG_INFORMATION_FORMAT = "dwarf-with-dsym";
				ENABLE_STRICT_OBJC_MSGSEND = YES;
				GCC_C_LANGUAGE_STANDARD = gnu99;
				GCC_DYNAMIC_NO_PIC = NO;
				GCC_NO_COMMON_BLOCKS = YES;
				GCC_OPTIMIZATION_LEVEL = 0;
				GCC_PREPROCESSOR_DEFINITIONS = (
					"DEBUG=1",
					"$(inherited)",
				);
				GCC_SYMBOLS_PRIVATE_EXTERN = NO;
				GCC_WARN_64_TO_32_BIT_CONVERSION = YES;
				GCC_WARN_ABOUT_RETURN_TYPE = YES_ERROR;
				GCC_WARN_UNDECLARED_SELECTOR = YES;
				GCC_WARN_UNINITIALIZED_AUTOS = YES_AGGRESSIVE;
				GCC_WARN_UNUSED_FUNCTION = YES;
				GCC_WARN_UNUSED_VARIABLE = YES;
				IPHONEOS_DEPLOYMENT_TARGET = 8.3;
				MTL_ENABLE_DEBUG_INFO = YES;
				ONLY_ACTIVE_ARCH = YES;
				SDKROOT = iphoneos;
			};
			name = Debug;
		};
		6B0372EA1B7BEEE1006AA858 /* Release */ = {
			isa = XCBuildConfiguration;
			buildSettings = {
				ALWAYS_SEARCH_USER_PATHS = NO;
				CLANG_CXX_LANGUAGE_STANDARD = "gnu++0x";
				CLANG_CXX_LIBRARY = "libc++";
				CLANG_ENABLE_MODULES = YES;
				CLANG_ENABLE_OBJC_ARC = YES;
				CLANG_WARN_BOOL_CONVERSION = YES;
				CLANG_WARN_CONSTANT_CONVERSION = YES;
				CLANG_WARN_DIRECT_OBJC_ISA_USAGE = YES_ERROR;
				CLANG_WARN_EMPTY_BODY = YES;
				CLANG_WARN_ENUM_CONVERSION = YES;
				CLANG_WARN_INT_CONVERSION = YES;
				CLANG_WARN_OBJC_ROOT_CLASS = YES_ERROR;
				CLANG_WARN_UNREACHABLE_CODE = YES;
				CLANG_WARN__DUPLICATE_METHOD_MATCH = YES;
				"CODE_SIGN_IDENTITY[sdk=iphoneos*]" = "iPhone Developer";
				COPY_PHASE_STRIP = NO;
				DEBUG_INFORMATION_FORMAT = "dwarf-with-dsym";
				ENABLE_NS_ASSERTIONS = NO;
				ENABLE_STRICT_OBJC_MSGSEND = YES;
				GCC_C_LANGUAGE_STANDARD = gnu99;
				GCC_NO_COMMON_BLOCKS = YES;
				GCC_WARN_64_TO_32_BIT_CONVERSION = YES;
				GCC_WARN_ABOUT_RETURN_TYPE = YES_ERROR;
				GCC_WARN_UNDECLARED_SELECTOR = YES;
				GCC_WARN_UNINITIALIZED_AUTOS = YES_AGGRESSIVE;
				GCC_WARN_UNUSED_FUNCTION = YES;
				GCC_WARN_UNUSED_VARIABLE = YES;
				IPHONEOS_DEPLOYMENT_TARGET = 8.3;
				MTL_ENABLE_DEBUG_INFO = NO;
				SDKROOT = iphoneos;
				VALIDATE_PRODUCT = YES;
			};
			name = Release;
		};
		6B0372EC1B7BEEE1006AA858 /* Debug */ = {
			isa = XCBuildConfiguration;
			buildSettings = {
				ASSETCATALOG_COMPILER_APPICON_NAME = AppIcon;
				INFOPLIST_FILE = PaintCells/Info.plist;
				LD_RUNPATH_SEARCH_PATHS = "$(inherited) @executable_path/Frameworks";
				PRODUCT_NAME = "$(TARGET_NAME)";
			};
			name = Debug;
		};
		6B0372ED1B7BEEE1006AA858 /* Release */ = {
			isa = XCBuildConfiguration;
			buildSettings = {
				ASSETCATALOG_COMPILER_APPICON_NAME = AppIcon;
				INFOPLIST_FILE = PaintCells/Info.plist;
				LD_RUNPATH_SEARCH_PATHS = "$(inherited) @executable_path/Frameworks";
				PRODUCT_NAME = "$(TARGET_NAME)";
			};
			name = Release;
		};
		6B0372EF1B7BEEE1006AA858 /* Debug */ = {
			isa = XCBuildConfiguration;
			buildSettings = {
				BUNDLE_LOADER = "$(TEST_HOST)";
				FRAMEWORK_SEARCH_PATHS = (
					"$(SDKROOT)/Developer/Library/Frameworks",
					"$(inherited)",
				);
				GCC_PREPROCESSOR_DEFINITIONS = (
					"DEBUG=1",
					"$(inherited)",
				);
				INFOPLIST_FILE = PaintCellsTests/Info.plist;
				LD_RUNPATH_SEARCH_PATHS = "$(inherited) @executable_path/Frameworks @loader_path/Frameworks";
				PRODUCT_NAME = "$(TARGET_NAME)";
				TEST_HOST = "$(BUILT_PRODUCTS_DIR)/PaintCells.app/PaintCells";
			};
			name = Debug;
		};
		6B0372F01B7BEEE1006AA858 /* Release */ = {
			isa = XCBuildConfiguration;
			buildSettings = {
				BUNDLE_LOADER = "$(TEST_HOST)";
				FRAMEWORK_SEARCH_PATHS = (
					"$(SDKROOT)/Developer/Library/Frameworks",
					"$(inherited)",
				);
				INFOPLIST_FILE = PaintCellsTests/Info.plist;
				LD_RUNPATH_SEARCH_PATHS = "$(inherited) @executable_path/Frameworks @loader_path/Frameworks";
				PRODUCT_NAME = "$(TARGET_NAME)";
				TEST_HOST = "$(BUILT_PRODUCTS_DIR)/PaintCells.app/PaintCells";
			};
			name = Release;
		};
/* End XCBuildConfiguration section */

/* Begin XCConfigurationList section */
		6B0372C31B7BEEE1006AA858 /* Build configuration list for PBXProject "PaintCells" */ = {
			isa = XCConfigurationList;
			buildConfigurations = (
				6B0372E91B7BEEE1006AA858 /* Debug */,
				6B0372EA1B7BEEE1006AA858 /* Release */,
			);
			defaultConfigurationIsVisible = 0;
			defaultConfigurationName = Release;
		};
		6B0372EB1B7BEEE1006AA858 /* Build configuration list for PBXNativeTarget "PaintCells" */ = {
			isa = XCConfigurationList;
			buildConfigurations = (
				6B0372EC1B7BEEE1006AA858 /* Debug */,
				6B0372ED1B7BEEE1006AA858 /* Release */,
			);
			defaultConfigurationIsVisible = 0;
			defaultConfigurationName = Release;
		};
		6B0372EE1B7BEEE1006AA858 /* Build configuration list for PBXNativeTarget "PaintCellsTests" */ = {
			isa = XCConfigurationList;
			buildConfigurations = (
				6B0372EF1B7BEEE1006AA858 /* Debug */,
				6B0372F01B7BEEE1006AA858 /* Release */,
			);
			defaultConfigurationIsVisible = 0;
			defaultConfigurationName = Release;
		};
/* End XCConfigurationList section */
	};
	rootObject = 6B0372C01B7BEEE1006AA858 /* Project object */;
}
